
Microsoft Visual Studio Solution File, Format Version 12.00
# Visual Studio Version 17
VisualStudioVersion = 17.10.35122.118
MinimumVisualStudioVersion = 10.0.40219.1
Project("{FAE04EC0-301F-11D3-BF4B-00C04F79EFBC}") = "FileUploadAPI", "FileUploadAPI\FileUploadAPI.csproj", "{2F7F2D7D-BBA2-4EDB-B63E-BD3F8D13DC12}"
EndProject
Global
	GlobalSection(SolutionConfigurationPlatforms) = preSolution
		Debug|Any CPU = Debug|Any CPU
		Release|Any CPU = Release|Any CPU
	EndGlobalSection
	GlobalSection(ProjectConfigurationPlatforms) = postSolution
		{2F7F2D7D-BBA2-4EDB-B63E-BD3F8D13DC12}.Debug|Any CPU.ActiveCfg = Debug|Any CPU
		{2F7F2D7D-BBA2-4EDB-B63E-BD3F8D13DC12}.Debug|Any CPU.Build.0 = Debug|Any CPU
		{2F7F2D7D-BBA2-4EDB-B63E-BD3F8D13DC12}.Release|Any CPU.ActiveCfg = Release|Any CPU
		{2F7F2D7D-BBA2-4EDB-B63E-BD3F8D13DC12}.Release|Any CPU.Build.0 = Release|Any CPU
	EndGlobalSection
	GlobalSection(SolutionProperties) = preSolution
		HideSolutionNode = FALSE
	EndGlobalSection
	GlobalSection(ExtensibilityGlobals) = postSolution
		SolutionGuid = {5C95D908-ADDD-444C-AE99-5DB3789A43D1}
	EndGlobalSection
EndGlobal
